<Solution>
  <Configurations>
    <Platform Name="x64" />
    <Platform Name="x86" />
  </Configurations>
  <Project Path="Mzying2001.MonkeySharp.Core/Mzying2001.MonkeySharp.Core.csproj" />
  <Project Path="Mzying2001.MonkeySharp.CefSharp/Mzying2001.MonkeySharp.CefSharp.csproj">
    <Platform Solution="*|x64" Project="x64" />
    <Platform Solution="*|x86" Project="x86" />
  </Project>
  <Project Path="Mzying2001.MonkeySharp.Core.Tests/Mzying2001.MonkeySharp.Core.Tests.csproj" />
  <Project Path="Mzying2001.MonkeySharp.CefSharp.IntegrationTests/Mzying2001.MonkeySharp.CefSharp.IntegrationTests.csproj">
    <Platform Solution="*|x64" Project="x64" />
    <Platform Solution="*|x86" Project="x86" />
  </Project>
</Solution>
